
Microsoft Visual Studio Solution File, Format Version 12.00
# Visual Studio Version 17
VisualStudioVersion = 17.5.33516.290
MinimumVisualStudioVersion = 10.0.40219.1
Project("{E24C65DC-7377-472B-9ABA-BC803B73C61A}") = "furni-1.0.0(4)", "..\..\..\..\furni-1.0.0\", "{105E58B1-FAF7-44A3-A414-C2F15C89B32B}"
	ProjectSection(WebsiteProperties) = preProject
		TargetFrameworkMoniker = ".NETFramework,Version%3Dv4.0"
		Debug.AspNetCompiler.VirtualPath = "/localhost_58244"
		Debug.AspNetCompiler.PhysicalPath = "D:\furni-1.0.0\"
		Debug.AspNetCompiler.TargetPath = "PrecompiledWeb\localhost_58244\"
		Debug.AspNetCompiler.Updateable = "true"
		Debug.AspNetCompiler.ForceOverwrite = "true"
		Debug.AspNetCompiler.FixedNames = "false"
		Debug.AspNetCompiler.Debug = "True"
		Release.AspNetCompiler.VirtualPath = "/localhost_58244"
		Release.AspNetCompiler.PhysicalPath = "D:\furni-1.0.0\"
		Release.AspNetCompiler.TargetPath = "PrecompiledWeb\localhost_58244\"
		Release.AspNetCompiler.Updateable = "true"
		Release.AspNetCompiler.ForceOverwrite = "true"
		Release.AspNetCompiler.FixedNames = "false"
		Release.AspNetCompiler.Debug = "False"
		VWDPort = "58244"
	EndProjectSection
EndProject
Global
	GlobalSection(SolutionConfigurationPlatforms) = preSolution
		Debug|Any CPU = Debug|Any CPU
	EndGlobalSection
	GlobalSection(ProjectConfigurationPlatforms) = postSolution
		{105E58B1-FAF7-44A3-A414-C2F15C89B32B}.Debug|Any CPU.ActiveCfg = Debug|Any CPU
		{105E58B1-FAF7-44A3-A414-C2F15C89B32B}.Debug|Any CPU.Build.0 = Debug|Any CPU
	EndGlobalSection
	GlobalSection(SolutionProperties) = preSolution
		HideSolutionNode = FALSE
	EndGlobalSection
	GlobalSection(ExtensibilityGlobals) = postSolution
		SolutionGuid = {699BDC61-5489-45E3-9260-F08CF7A6B235}
	EndGlobalSection
EndGlobal
